
Microsoft Visual Studio Solution File, Format Version 12.00
# Visual Studio Version 17
VisualStudioVersion = 17.9.34728.123
MinimumVisualStudioVersion = 10.0.40219.1
Project("{FAE04EC0-301F-11D3-BF4B-00C04F79EFBC}") = "Catalog", "Catalog\Catalog.csproj", "{2EBA7B9F-4BA7-4FCC-9721-4D8E0771B77B}"
EndProject
Project("{FAE04EC0-301F-11D3-BF4B-00C04F79EFBC}") = "CRM", "CRM\CRM.csproj", "{4B29CE2A-53A8-4A08-925F-A573F940C0BB}"
EndProject
Project("{FAE04EC0-301F-11D3-BF4B-00C04F79EFBC}") = "OrderProcessing", "OrderProcessing\OrderProcessing.csproj", "{9FA63E53-F5F6-4113-9843-0E98744F89B5}"
EndProject
Project("{FAE04EC0-301F-11D3-BF4B-00C04F79EFBC}") = "ECommerceTest", "ECommerceTest\ECommerceTest.csproj", "{3FF527B1-FA45-478E-9766-BD212A6DDAEE}"
EndProject
Project("{FAE04EC0-301F-11D3-BF4B-00C04F79EFBC}") = "ECommerceWeb", "ECommerceWeb\ECommerceWeb.csproj", "{06EDD9BF-0379-4908-BF12-64A8243C0909}"
EndProject
Project("{FAE04EC0-301F-11D3-BF4B-00C04F79EFBC}") = "CsharpFeatureApp", "CsharpFeatureApp\CsharpFeatureApp.csproj", "{FB92BFCC-FAB1-4B25-88A8-002F7400B60D}"
EndProject
Project("{FAE04EC0-301F-11D3-BF4B-00C04F79EFBC}") = "Banking", "Banking\Banking.csproj", "{EBA87FA0-6008-4EC3-987C-7EF4BEEF23EE}"
EndProject
Project("{FAE04EC0-301F-11D3-BF4B-00C04F79EFBC}") = "Taxation", "Taxation\Taxation.csproj", "{E58FF35B-EA99-4514-9782-84BD1BFF1D82}"
EndProject
Project("{FAE04EC0-301F-11D3-BF4B-00C04F79EFBC}") = "Penalty", "Penalty\Penalty.csproj", "{5D37500B-B615-41D3-A50F-CD82C13E03F0}"
EndProject
Project("{FAE04EC0-301F-11D3-BF4B-00C04F79EFBC}") = "Delegation", "Delegation\Delegation.csproj", "{CB0C34F7-56B7-4990-9CA3-CC6C30DF1662}"
EndProject
Project("{FAE04EC0-301F-11D3-BF4B-00C04F79EFBC}") = "Specification", "Specification\Specification.csproj", "{32F70A77-BBE9-4265-BC15-224E4C719286}"
EndProject
Project("{FAE04EC0-301F-11D3-BF4B-00C04F79EFBC}") = "ECommerceEntities", "POCOLib\ECommerceEntities.csproj", "{0108E9F1-486F-400A-BA53-FFE69B51832C}"
EndProject
Project("{FAE04EC0-301F-11D3-BF4B-00C04F79EFBC}") = "BinaryDataRepositoryLib", "BinaryDataRepositoryLib\BinaryDataRepositoryLib.csproj", "{0B3FD876-A729-48C6-A097-DD182A4DA1D6}"
EndProject
Project("{FAE04EC0-301F-11D3-BF4B-00C04F79EFBC}") = "ECommerceServices", "Services\ECommerceServices.csproj", "{CB587FE9-F80C-4D9C-88C7-44F495937270}"
EndProject
Project("{FAE04EC0-301F-11D3-BF4B-00C04F79EFBC}") = "SerializationTestApp", "SerializationTestApp\SerializationTestApp.csproj", "{3106E6E7-534F-4300-B49C-1C73EA05F449}"
EndProject
Project("{FAE04EC0-301F-11D3-BF4B-00C04F79EFBC}") = "TestDesignPatternApp", "TestDesignPatternApp\TestDesignPatternApp.csproj", "{F2D9C4F3-BA8C-48AE-9983-21081F929566}"
EndProject
Project("{FAE04EC0-301F-11D3-BF4B-00C04F79EFBC}") = "CollectionDemoApp", "CollectionDemoApp\CollectionDemoApp.csproj", "{DA064E8C-F6B5-4443-913A-CA05A0374908}"
EndProject
Project("{FAE04EC0-301F-11D3-BF4B-00C04F79EFBC}") = "MembershipTestApp", "MembershipTestApp\MembershipTestApp.csproj", "{B352DC93-492D-4BE8-9A84-A18561356D0B}"
EndProject
Project("{FAE04EC0-301F-11D3-BF4B-00C04F79EFBC}") = "AuthWebAPI", "AuthWebAPI\AuthWebAPI.csproj", "{2B9FF6FB-FDCC-43B3-B956-858487B4953D}"
EndProject
Project("{FAE04EC0-301F-11D3-BF4B-00C04F79EFBC}") = "JsonDataRepositoryLib", "JsonDataRepositoryLib\JsonDataRepositoryLib.csproj", "{22FD801E-FC21-4024-960B-161A84B54031}"
EndProject
Project("{2150E333-8FDC-42A3-9474-1A3956D46DE8}") = "Web", "Web", "{54428702-83F9-4505-8698-1B5AB8A319E3}"
EndProject
Project("{2150E333-8FDC-42A3-9474-1A3956D46DE8}") = "Repositories", "Repositories", "{AF64AA9F-98DD-4FB3-B334-6BB97E70FDF3}"
EndProject
Project("{2150E333-8FDC-42A3-9474-1A3956D46DE8}") = "Tests", "Tests", "{93276B8D-7968-4B74-873B-BAEC3543BAC6}"
EndProject
Project("{2150E333-8FDC-42A3-9474-1A3956D46DE8}") = "Features", "Features", "{4FE9407E-4D79-4C3B-AA06-3B2DB6723C19}"
EndProject
Project("{2150E333-8FDC-42A3-9474-1A3956D46DE8}") = "Entities", "Entities", "{CCC00995-A5A3-4B5C-A188-F9B97F53C68D}"
EndProject
Project("{2150E333-8FDC-42A3-9474-1A3956D46DE8}") = "Interfaces", "Interfaces", "{CA696CF8-6088-498A-A33C-2D83E3B61907}"
EndProject
Project("{2150E333-8FDC-42A3-9474-1A3956D46DE8}") = "Services", "Services", "{8BBB52CE-341C-445D-8A96-CB8E25C385DD}"
EndProject
Project("{2150E333-8FDC-42A3-9474-1A3956D46DE8}") = "Data", "Data", "{838D608A-C5E4-4E73-A377-0DD050E90DE5}"
	ProjectSection(SolutionItems) = preProject
		SerializationTestApp\bin\Debug\credentials.json = SerializationTestApp\bin\Debug\credentials.json
		SerializationTestApp\bin\Debug\logfile.json = SerializationTestApp\bin\Debug\logfile.json
		SerializationTestApp\bin\Debug\products.json = SerializationTestApp\bin\Debug\products.json
	EndProjectSection
EndProject
Project("{FAE04EC0-301F-11D3-BF4B-00C04F79EFBC}") = "BankingPortal", "BankingPortal\BankingPortal.csproj", "{BD4291C9-388B-4D26-8F7B-CEB5A18DCEFE}"
EndProject
Project("{FAE04EC0-301F-11D3-BF4B-00C04F79EFBC}") = "HDFCBankApp", "HDFCBankApp\HDFCBankApp.csproj", "{38635A69-7DC7-49EE-9B96-3060F0B6EA2E}"
EndProject
Project("{FAE04EC0-301F-11D3-BF4B-00C04F79EFBC}") = "HRPortal", "HRPortal\HRPortal.csproj", "{63CD4EBD-D8D9-4E98-A2ED-4D5740CC8800}"
EndProject
Global
	GlobalSection(SolutionConfigurationPlatforms) = preSolution
		Debug|Any CPU = Debug|Any CPU
		Release|Any CPU = Release|Any CPU
	EndGlobalSection
	GlobalSection(ProjectConfigurationPlatforms) = postSolution
		{2EBA7B9F-4BA7-4FCC-9721-4D8E0771B77B}.Debug|Any CPU.ActiveCfg = Debug|Any CPU
		{2EBA7B9F-4BA7-4FCC-9721-4D8E0771B77B}.Debug|Any CPU.Build.0 = Debug|Any CPU
		{2EBA7B9F-4BA7-4FCC-9721-4D8E0771B77B}.Release|Any CPU.ActiveCfg = Release|Any CPU
		{2EBA7B9F-4BA7-4FCC-9721-4D8E0771B77B}.Release|Any CPU.Build.0 = Release|Any CPU
		{4B29CE2A-53A8-4A08-925F-A573F940C0BB}.Debug|Any CPU.ActiveCfg = Debug|Any CPU
		{4B29CE2A-53A8-4A08-925F-A573F940C0BB}.Debug|Any CPU.Build.0 = Debug|Any CPU
		{4B29CE2A-53A8-4A08-925F-A573F940C0BB}.Release|Any CPU.ActiveCfg = Release|Any CPU
		{4B29CE2A-53A8-4A08-925F-A573F940C0BB}.Release|Any CPU.Build.0 = Release|Any CPU
		{9FA63E53-F5F6-4113-9843-0E98744F89B5}.Debug|Any CPU.ActiveCfg = Debug|Any CPU
		{9FA63E53-F5F6-4113-9843-0E98744F89B5}.Debug|Any CPU.Build.0 = Debug|Any CPU
		{9FA63E53-F5F6-4113-9843-0E98744F89B5}.Release|Any CPU.ActiveCfg = Release|Any CPU
		{9FA63E53-F5F6-4113-9843-0E98744F89B5}.Release|Any CPU.Build.0 = Release|Any CPU
		{3FF527B1-FA45-478E-9766-BD212A6DDAEE}.Debug|Any CPU.ActiveCfg = Debug|Any CPU
		{3FF527B1-FA45-478E-9766-BD212A6DDAEE}.Debug|Any CPU.Build.0 = Debug|Any CPU
		{3FF527B1-FA45-478E-9766-BD212A6DDAEE}.Release|Any CPU.ActiveCfg = Release|Any CPU
		{3FF527B1-FA45-478E-9766-BD212A6DDAEE}.Release|Any CPU.Build.0 = Release|Any CPU
		{06EDD9BF-0379-4908-BF12-64A8243C0909}.Debug|Any CPU.ActiveCfg = Debug|Any CPU
		{06EDD9BF-0379-4908-BF12-64A8243C0909}.Debug|Any CPU.Build.0 = Debug|Any CPU
		{06EDD9BF-0379-4908-BF12-64A8243C0909}.Release|Any CPU.ActiveCfg = Release|Any CPU
		{06EDD9BF-0379-4908-BF12-64A8243C0909}.Release|Any CPU.Build.0 = Release|Any CPU
		{FB92BFCC-FAB1-4B25-88A8-002F7400B60D}.Debug|Any CPU.ActiveCfg = Debug|Any CPU
		{FB92BFCC-FAB1-4B25-88A8-002F7400B60D}.Debug|Any CPU.Build.0 = Debug|Any CPU
		{FB92BFCC-FAB1-4B25-88A8-002F7400B60D}.Release|Any CPU.ActiveCfg = Release|Any CPU
		{FB92BFCC-FAB1-4B25-88A8-002F7400B60D}.Release|Any CPU.Build.0 = Release|Any CPU
		{EBA87FA0-6008-4EC3-987C-7EF4BEEF23EE}.Debug|Any CPU.ActiveCfg = Debug|Any CPU
		{EBA87FA0-6008-4EC3-987C-7EF4BEEF23EE}.Debug|Any CPU.Build.0 = Debug|Any CPU
		{EBA87FA0-6008-4EC3-987C-7EF4BEEF23EE}.Release|Any CPU.ActiveCfg = Release|Any CPU
		{EBA87FA0-6008-4EC3-987C-7EF4BEEF23EE}.Release|Any CPU.Build.0 = Release|Any CPU
		{E58FF35B-EA99-4514-9782-84BD1BFF1D82}.Debug|Any CPU.ActiveCfg = Debug|Any CPU
		{E58FF35B-EA99-4514-9782-84BD1BFF1D82}.Debug|Any CPU.Build.0 = Debug|Any CPU
		{E58FF35B-EA99-4514-9782-84BD1BFF1D82}.Release|Any CPU.ActiveCfg = Release|Any CPU
		{E58FF35B-EA99-4514-9782-84BD1BFF1D82}.Release|Any CPU.Build.0 = Release|Any CPU
		{5D37500B-B615-41D3-A50F-CD82C13E03F0}.Debug|Any CPU.ActiveCfg = Debug|Any CPU
		{5D37500B-B615-41D3-A50F-CD82C13E03F0}.Debug|Any CPU.Build.0 = Debug|Any CPU
		{5D37500B-B615-41D3-A50F-CD82C13E03F0}.Release|Any CPU.ActiveCfg = Release|Any CPU
		{5D37500B-B615-41D3-A50F-CD82C13E03F0}.Release|Any CPU.Build.0 = Release|Any CPU
		{CB0C34F7-56B7-4990-9CA3-CC6C30DF1662}.Debug|Any CPU.ActiveCfg = Debug|Any CPU
		{CB0C34F7-56B7-4990-9CA3-CC6C30DF1662}.Debug|Any CPU.Build.0 = Debug|Any CPU
		{CB0C34F7-56B7-4990-9CA3-CC6C30DF1662}.Release|Any CPU.ActiveCfg = Release|Any CPU
		{CB0C34F7-56B7-4990-9CA3-CC6C30DF1662}.Release|Any CPU.Build.0 = Release|Any CPU
		{32F70A77-BBE9-4265-BC15-224E4C719286}.Debug|Any CPU.ActiveCfg = Debug|Any CPU
		{32F70A77-BBE9-4265-BC15-224E4C719286}.Debug|Any CPU.Build.0 = Debug|Any CPU
		{32F70A77-BBE9-4265-BC15-224E4C719286}.Release|Any CPU.ActiveCfg = Release|Any CPU
		{32F70A77-BBE9-4265-BC15-224E4C719286}.Release|Any CPU.Build.0 = Release|Any CPU
		{0108E9F1-486F-400A-BA53-FFE69B51832C}.Debug|Any CPU.ActiveCfg = Debug|Any CPU
		{0108E9F1-486F-400A-BA53-FFE69B51832C}.Debug|Any CPU.Build.0 = Debug|Any CPU
		{0108E9F1-486F-400A-BA53-FFE69B51832C}.Release|Any CPU.ActiveCfg = Release|Any CPU
		{0108E9F1-486F-400A-BA53-FFE69B51832C}.Release|Any CPU.Build.0 = Release|Any CPU
		{0B3FD876-A729-48C6-A097-DD182A4DA1D6}.Debug|Any CPU.ActiveCfg = Debug|Any CPU
		{0B3FD876-A729-48C6-A097-DD182A4DA1D6}.Debug|Any CPU.Build.0 = Debug|Any CPU
		{0B3FD876-A729-48C6-A097-DD182A4DA1D6}.Release|Any CPU.ActiveCfg = Release|Any CPU
		{0B3FD876-A729-48C6-A097-DD182A4DA1D6}.Release|Any CPU.Build.0 = Release|Any CPU
		{CB587FE9-F80C-4D9C-88C7-44F495937270}.Debug|Any CPU.ActiveCfg = Debug|Any CPU
		{CB587FE9-F80C-4D9C-88C7-44F495937270}.Debug|Any CPU.Build.0 = Debug|Any CPU
		{CB587FE9-F80C-4D9C-88C7-44F495937270}.Release|Any CPU.ActiveCfg = Release|Any CPU
		{CB587FE9-F80C-4D9C-88C7-44F495937270}.Release|Any CPU.Build.0 = Release|Any CPU
		{3106E6E7-534F-4300-B49C-1C73EA05F449}.Debug|Any CPU.ActiveCfg = Debug|Any CPU
		{3106E6E7-534F-4300-B49C-1C73EA05F449}.Debug|Any CPU.Build.0 = Debug|Any CPU
		{3106E6E7-534F-4300-B49C-1C73EA05F449}.Release|Any CPU.ActiveCfg = Release|Any CPU
		{3106E6E7-534F-4300-B49C-1C73EA05F449}.Release|Any CPU.Build.0 = Release|Any CPU
		{F2D9C4F3-BA8C-48AE-9983-21081F929566}.Debug|Any CPU.ActiveCfg = Debug|Any CPU
		{F2D9C4F3-BA8C-48AE-9983-21081F929566}.Debug|Any CPU.Build.0 = Debug|Any CPU
		{F2D9C4F3-BA8C-48AE-9983-21081F929566}.Release|Any CPU.ActiveCfg = Release|Any CPU
		{F2D9C4F3-BA8C-48AE-9983-21081F929566}.Release|Any CPU.Build.0 = Release|Any CPU
		{DA064E8C-F6B5-4443-913A-CA05A0374908}.Debug|Any CPU.ActiveCfg = Debug|Any CPU
		{DA064E8C-F6B5-4443-913A-CA05A0374908}.Debug|Any CPU.Build.0 = Debug|Any CPU
		{DA064E8C-F6B5-4443-913A-CA05A0374908}.Release|Any CPU.ActiveCfg = Release|Any CPU
		{DA064E8C-F6B5-4443-913A-CA05A0374908}.Release|Any CPU.Build.0 = Release|Any CPU
		{B352DC93-492D-4BE8-9A84-A18561356D0B}.Debug|Any CPU.ActiveCfg = Debug|Any CPU
		{B352DC93-492D-4BE8-9A84-A18561356D0B}.Debug|Any CPU.Build.0 = Debug|Any CPU
		{B352DC93-492D-4BE8-9A84-A18561356D0B}.Release|Any CPU.ActiveCfg = Release|Any CPU
		{B352DC93-492D-4BE8-9A84-A18561356D0B}.Release|Any CPU.Build.0 = Release|Any CPU
		{2B9FF6FB-FDCC-43B3-B956-858487B4953D}.Debug|Any CPU.ActiveCfg = Debug|Any CPU
		{2B9FF6FB-FDCC-43B3-B956-858487B4953D}.Debug|Any CPU.Build.0 = Debug|Any CPU
		{2B9FF6FB-FDCC-43B3-B956-858487B4953D}.Release|Any CPU.ActiveCfg = Release|Any CPU
		{2B9FF6FB-FDCC-43B3-B956-858487B4953D}.Release|Any CPU.Build.0 = Release|Any CPU
		{22FD801E-FC21-4024-960B-161A84B54031}.Debug|Any CPU.ActiveCfg = Debug|Any CPU
		{22FD801E-FC21-4024-960B-161A84B54031}.Debug|Any CPU.Build.0 = Debug|Any CPU
		{22FD801E-FC21-4024-960B-161A84B54031}.Release|Any CPU.ActiveCfg = Release|Any CPU
		{22FD801E-FC21-4024-960B-161A84B54031}.Release|Any CPU.Build.0 = Release|Any CPU
		{BD4291C9-388B-4D26-8F7B-CEB5A18DCEFE}.Debug|Any CPU.ActiveCfg = Debug|Any CPU
		{BD4291C9-388B-4D26-8F7B-CEB5A18DCEFE}.Debug|Any CPU.Build.0 = Debug|Any CPU
		{BD4291C9-388B-4D26-8F7B-CEB5A18DCEFE}.Release|Any CPU.ActiveCfg = Release|Any CPU
		{BD4291C9-388B-4D26-8F7B-CEB5A18DCEFE}.Release|Any CPU.Build.0 = Release|Any CPU
		{38635A69-7DC7-49EE-9B96-3060F0B6EA2E}.Debug|Any CPU.ActiveCfg = Debug|Any CPU
		{38635A69-7DC7-49EE-9B96-3060F0B6EA2E}.Debug|Any CPU.Build.0 = Debug|Any CPU
		{38635A69-7DC7-49EE-9B96-3060F0B6EA2E}.Release|Any CPU.ActiveCfg = Release|Any CPU
		{38635A69-7DC7-49EE-9B96-3060F0B6EA2E}.Release|Any CPU.Build.0 = Release|Any CPU
		{63CD4EBD-D8D9-4E98-A2ED-4D5740CC8800}.Debug|Any CPU.ActiveCfg = Debug|Any CPU
		{63CD4EBD-D8D9-4E98-A2ED-4D5740CC8800}.Debug|Any CPU.Build.0 = Debug|Any CPU
		{63CD4EBD-D8D9-4E98-A2ED-4D5740CC8800}.Release|Any CPU.ActiveCfg = Release|Any CPU
		{63CD4EBD-D8D9-4E98-A2ED-4D5740CC8800}.Release|Any CPU.Build.0 = Release|Any CPU
	EndGlobalSection
	GlobalSection(SolutionProperties) = preSolution
		HideSolutionNode = FALSE
	EndGlobalSection
	GlobalSection(NestedProjects) = preSolution
		{2EBA7B9F-4BA7-4FCC-9721-4D8E0771B77B} = {4FE9407E-4D79-4C3B-AA06-3B2DB6723C19}
		{4B29CE2A-53A8-4A08-925F-A573F940C0BB} = {4FE9407E-4D79-4C3B-AA06-3B2DB6723C19}
		{9FA63E53-F5F6-4113-9843-0E98744F89B5} = {4FE9407E-4D79-4C3B-AA06-3B2DB6723C19}
		{3FF527B1-FA45-478E-9766-BD212A6DDAEE} = {93276B8D-7968-4B74-873B-BAEC3543BAC6}
		{06EDD9BF-0379-4908-BF12-64A8243C0909} = {54428702-83F9-4505-8698-1B5AB8A319E3}
		{FB92BFCC-FAB1-4B25-88A8-002F7400B60D} = {93276B8D-7968-4B74-873B-BAEC3543BAC6}
		{EBA87FA0-6008-4EC3-987C-7EF4BEEF23EE} = {4FE9407E-4D79-4C3B-AA06-3B2DB6723C19}
		{E58FF35B-EA99-4514-9782-84BD1BFF1D82} = {4FE9407E-4D79-4C3B-AA06-3B2DB6723C19}
		{5D37500B-B615-41D3-A50F-CD82C13E03F0} = {4FE9407E-4D79-4C3B-AA06-3B2DB6723C19}
		{CB0C34F7-56B7-4990-9CA3-CC6C30DF1662} = {4FE9407E-4D79-4C3B-AA06-3B2DB6723C19}
		{32F70A77-BBE9-4265-BC15-224E4C719286} = {CA696CF8-6088-498A-A33C-2D83E3B61907}
		{0108E9F1-486F-400A-BA53-FFE69B51832C} = {CCC00995-A5A3-4B5C-A188-F9B97F53C68D}
		{0B3FD876-A729-48C6-A097-DD182A4DA1D6} = {AF64AA9F-98DD-4FB3-B334-6BB97E70FDF3}
		{CB587FE9-F80C-4D9C-88C7-44F495937270} = {8BBB52CE-341C-445D-8A96-CB8E25C385DD}
		{3106E6E7-534F-4300-B49C-1C73EA05F449} = {93276B8D-7968-4B74-873B-BAEC3543BAC6}
		{F2D9C4F3-BA8C-48AE-9983-21081F929566} = {93276B8D-7968-4B74-873B-BAEC3543BAC6}
		{DA064E8C-F6B5-4443-913A-CA05A0374908} = {93276B8D-7968-4B74-873B-BAEC3543BAC6}
		{B352DC93-492D-4BE8-9A84-A18561356D0B} = {93276B8D-7968-4B74-873B-BAEC3543BAC6}
		{2B9FF6FB-FDCC-43B3-B956-858487B4953D} = {54428702-83F9-4505-8698-1B5AB8A319E3}
		{22FD801E-FC21-4024-960B-161A84B54031} = {AF64AA9F-98DD-4FB3-B334-6BB97E70FDF3}
		{BD4291C9-388B-4D26-8F7B-CEB5A18DCEFE} = {54428702-83F9-4505-8698-1B5AB8A319E3}
		{38635A69-7DC7-49EE-9B96-3060F0B6EA2E} = {54428702-83F9-4505-8698-1B5AB8A319E3}
		{63CD4EBD-D8D9-4E98-A2ED-4D5740CC8800} = {54428702-83F9-4505-8698-1B5AB8A319E3}
	EndGlobalSection
	GlobalSection(ExtensibilityGlobals) = postSolution
		SolutionGuid = {D27F44DC-19A2-4823-8037-A9742D6248C2}
	EndGlobalSection
EndGlobal
